
Microsoft Visual Studio Solution File, Format Version 12.00
# Visual Studio Version 17
VisualStudioVersion = 17.3.32929.385
MinimumVisualStudioVersion = 10.0.40219.1
Project("{FAE04EC0-301F-11D3-BF4B-00C04F79EFBC}") = "AppDB_Visual", "AppDB_Visual\AppDB_Visual.csproj", "{0DEA62A0-2F3A-4548-89DD-807A4DEE4738}"
EndProject
Global
	GlobalSection(SolutionConfigurationPlatforms) = preSolution
		Debug|Any CPU = Debug|Any CPU
		Release|Any CPU = Release|Any CPU
	EndGlobalSection
	GlobalSection(ProjectConfigurationPlatforms) = postSolution
		{0DEA62A0-2F3A-4548-89DD-807A4DEE4738}.Debug|Any CPU.ActiveCfg = Debug|Any CPU
		{0DEA62A0-2F3A-4548-89DD-807A4DEE4738}.Debug|Any CPU.Build.0 = Debug|Any CPU
		{0DEA62A0-2F3A-4548-89DD-807A4DEE4738}.Release|Any CPU.ActiveCfg = Release|Any CPU
		{0DEA62A0-2F3A-4548-89DD-807A4DEE4738}.Release|Any CPU.Build.0 = Release|Any CPU
	EndGlobalSection
	GlobalSection(SolutionProperties) = preSolution
		HideSolutionNode = FALSE
	EndGlobalSection
	GlobalSection(ExtensibilityGlobals) = postSolution
		SolutionGuid = {3FAE7DB0-4B7D-48BA-9DA5-8916896CB55D}
	EndGlobalSection
EndGlobal
